// !$*UTF8*$!
{
	archiveVersion = 1;
	classes = {
	};
	objectVersion = 50;
	objects = {

/* Begin PBXBuildFile section */
		6055BA72245F128D00A112D2 /* AppDelegate.swift in Sources */ = {isa = PBXBuildFile; fileRef = 6055BA71245F128D00A112D2 /* AppDelegate.swift */; };
		6055BA74245F128D00A112D2 /* SceneDelegate.swift in Sources */ = {isa = PBXBuildFile; fileRef = 6055BA73245F128D00A112D2 /* SceneDelegate.swift */; };
		6055BA76245F128D00A112D2 /* TodoListViewController.swift in Sources */ = {isa = PBXBuildFile; fileRef = 6055BA75245F128D00A112D2 /* TodoListViewController.swift */; };
		6055BA7C245F128D00A112D2 /* AlwaysBeTodoing.xcdatamodeld in Sources */ = {isa = PBXBuildFile; fileRef = 6055BA7A245F128D00A112D2 /* AlwaysBeTodoing.xcdatamodeld */; };
		6055BA7E245F128F00A112D2 /* Assets.xcassets in Resources */ = {isa = PBXBuildFile; fileRef = 6055BA7D245F128F00A112D2 /* Assets.xcassets */; };
		6055BA81245F128F00A112D2 /* LaunchScreen.storyboard in Resources */ = {isa = PBXBuildFile; fileRef = 6055BA7F245F128F00A112D2 /* LaunchScreen.storyboard */; };
		6055BA8C245F128F00A112D2 /* AlwaysBeTodoingTests.swift in Sources */ = {isa = PBXBuildFile; fileRef = 6055BA8B245F128F00A112D2 /* AlwaysBeTodoingTests.swift */; };
		6055BA97245F128F00A112D2 /* AlwaysBeTodoingUITests.swift in Sources */ = {isa = PBXBuildFile; fileRef = 6055BA96245F128F00A112D2 /* AlwaysBeTodoingUITests.swift */; };
		608C0B1224634F1100E91B48 /* TodoList.swift in Sources */ = {isa = PBXBuildFile; fileRef = 608C0B1124634F1100E91B48 /* TodoList.swift */; };
		608C0B1424634F5E00E91B48 /* TodoItem.swift in Sources */ = {isa = PBXBuildFile; fileRef = 608C0B1324634F5E00E91B48 /* TodoItem.swift */; };
		608C0B162463573600E91B48 /* AllListsTableViewCell.swift in Sources */ = {isa = PBXBuildFile; fileRef = 608C0B152463573600E91B48 /* AllListsTableViewCell.swift */; };
		60914433246B89BA00E28E50 /* Storage.swift in Sources */ = {isa = PBXBuildFile; fileRef = 60914432246B89BA00E28E50 /* Storage.swift */; };
		60CD475C2460CC5E00EE5F24 /* AllListsViewController.swift in Sources */ = {isa = PBXBuildFile; fileRef = 60CD475B2460CC5E00EE5F24 /* AllListsViewController.swift */; };
		60CD475D2460D01000EE5F24 /* Main.storyboard in Resources */ = {isa = PBXBuildFile; fileRef = 6055BA77245F128D00A112D2 /* Main.storyboard */; };
		60CD47602461057C00EE5F24 /* TodoListTableViewCell.swift in Sources */ = {isa = PBXBuildFile; fileRef = 60CD475E2461057C00EE5F24 /* TodoListTableViewCell.swift */; };
/* End PBXBuildFile section */

/* Begin PBXContainerItemProxy section */
		6055BA88245F128F00A112D2 /* PBXContainerItemProxy */ = {
			isa = PBXContainerItemProxy;
			containerPortal = 6055BA66245F128C00A112D2 /* Project object */;
			proxyType = 1;
			remoteGlobalIDString = 6055BA6D245F128C00A112D2;
			remoteInfo = AlwaysBeTodoing;
		};
		6055BA93245F128F00A112D2 /* PBXContainerItemProxy */ = {
			isa = PBXContainerItemProxy;
			containerPortal = 6055BA66245F128C00A112D2 /* Project object */;
			proxyType = 1;
			remoteGlobalIDString = 6055BA6D245F128C00A112D2;
			remoteInfo = AlwaysBeTodoing;
		};
/* End PBXContainerItemProxy section */

/* Begin PBXFileReference section */
		6055BA6E245F128D00A112D2 /* AlwaysBeTodoing.app */ = {isa = PBXFileReference; explicitFileType = wrapper.application; includeInIndex = 0; path = AlwaysBeTodoing.app; sourceTree = BUILT_PRODUCTS_DIR; };
		6055BA71245F128D00A112D2 /* AppDelegate.swift */ = {isa = PBXFileReference; lastKnownFileType = sourcecode.swift; path = AppDelegate.swift; sourceTree = "<group>"; };
		6055BA73245F128D00A112D2 /* SceneDelegate.swift */ = {isa = PBXFileReference; lastKnownFileType = sourcecode.swift; path = SceneDelegate.swift; sourceTree = "<group>"; };
		6055BA75245F128D00A112D2 /* TodoListViewController.swift */ = {isa = PBXFileReference; lastKnownFileType = sourcecode.swift; path = TodoListViewController.swift; sourceTree = "<group>"; };
		6055BA78245F128D00A112D2 /* Base */ = {isa = PBXFileReference; lastKnownFileType = file.storyboard; name = Base; path = Base.lproj/Main.storyboard; sourceTree = "<group>"; };
		6055BA7B245F128D00A112D2 /* AlwaysBeTodoing.xcdatamodel */ = {isa = PBXFileReference; lastKnownFileType = wrapper.xcdatamodel; path = AlwaysBeTodoing.xcdatamodel; sourceTree = "<group>"; };
		6055BA7D245F128F00A112D2 /* Assets.xcassets */ = {isa = PBXFileReference; lastKnownFileType = folder.assetcatalog; path = Assets.xcassets; sourceTree = "<group>"; };
		6055BA80245F128F00A112D2 /* Base */ = {isa = PBXFileReference; lastKnownFileType = file.storyboard; name = Base; path = Base.lproj/LaunchScreen.storyboard; sourceTree = "<group>"; };
		6055BA82245F128F00A112D2 /* Info.plist */ = {isa = PBXFileReference; lastKnownFileType = text.plist.xml; name = Info.plist; path = /Users/jeremyfleshman/dev/AlwaysBeTodoing/AlwaysBeTodoing/Resources/Info.plist; sourceTree = "<absolute>"; };
		6055BA87245F128F00A112D2 /* AlwaysBeTodoingTests.xctest */ = {isa = PBXFileReference; explicitFileType = wrapper.cfbundle; includeInIndex = 0; path = AlwaysBeTodoingTests.xctest; sourceTree = BUILT_PRODUCTS_DIR; };
		6055BA8B245F128F00A112D2 /* AlwaysBeTodoingTests.swift */ = {isa = PBXFileReference; lastKnownFileType = sourcecode.swift; path = AlwaysBeTodoingTests.swift; sourceTree = "<group>"; };
		6055BA8D245F128F00A112D2 /* Info.plist */ = {isa = PBXFileReference; lastKnownFileType = text.plist.xml; path = Info.plist; sourceTree = "<group>"; };
		6055BA92245F128F00A112D2 /* AlwaysBeTodoingUITests.xctest */ = {isa = PBXFileReference; explicitFileType = wrapper.cfbundle; includeInIndex = 0; path = AlwaysBeTodoingUITests.xctest; sourceTree = BUILT_PRODUCTS_DIR; };
		6055BA96245F128F00A112D2 /* AlwaysBeTodoingUITests.swift */ = {isa = PBXFileReference; lastKnownFileType = sourcecode.swift; path = AlwaysBeTodoingUITests.swift; sourceTree = "<group>"; };
		6055BA98245F128F00A112D2 /* Info.plist */ = {isa = PBXFileReference; lastKnownFileType = text.plist.xml; path = Info.plist; sourceTree = "<group>"; };
		608C0B1124634F1100E91B48 /* TodoList.swift */ = {isa = PBXFileReference; lastKnownFileType = sourcecode.swift; path = TodoList.swift; sourceTree = "<group>"; };
		608C0B1324634F5E00E91B48 /* TodoItem.swift */ = {isa = PBXFileReference; lastKnownFileType = sourcecode.swift; path = TodoItem.swift; sourceTree = "<group>"; };
		608C0B152463573600E91B48 /* AllListsTableViewCell.swift */ = {isa = PBXFileReference; lastKnownFileType = sourcecode.swift; path = AllListsTableViewCell.swift; sourceTree = "<group>"; };
		60914432246B89BA00E28E50 /* Storage.swift */ = {isa = PBXFileReference; lastKnownFileType = sourcecode.swift; path = Storage.swift; sourceTree = "<group>"; };
		60CD475B2460CC5E00EE5F24 /* AllListsViewController.swift */ = {isa = PBXFileReference; lastKnownFileType = sourcecode.swift; path = AllListsViewController.swift; sourceTree = "<group>"; };
		60CD475E2461057C00EE5F24 /* TodoListTableViewCell.swift */ = {isa = PBXFileReference; lastKnownFileType = sourcecode.swift; path = TodoListTableViewCell.swift; sourceTree = "<group>"; };
/* End PBXFileReference section */

/* Begin PBXFrameworksBuildPhase section */
		6055BA6B245F128C00A112D2 /* Frameworks */ = {
			isa = PBXFrameworksBuildPhase;
			buildActionMask = 2147483647;
			files = (
			);
			runOnlyForDeploymentPostprocessing = 0;
		};
		6055BA84245F128F00A112D2 /* Frameworks */ = {
			isa = PBXFrameworksBuildPhase;
			buildActionMask = 2147483647;
			files = (
			);
			runOnlyForDeploymentPostprocessing = 0;
		};
		6055BA8F245F128F00A112D2 /* Frameworks */ = {
			isa = PBXFrameworksBuildPhase;
			buildActionMask = 2147483647;
			files = (
			);
			runOnlyForDeploymentPostprocessing = 0;
		};
/* End PBXFrameworksBuildPhase section */

/* Begin PBXGroup section */
		6055BA65245F128C00A112D2 = {
			isa = PBXGroup;
			children = (
				6055BA70245F128D00A112D2 /* AlwaysBeTodoing */,
				6055BA8A245F128F00A112D2 /* AlwaysBeTodoingTests */,
				6055BA95245F128F00A112D2 /* AlwaysBeTodoingUITests */,
				6055BA6F245F128D00A112D2 /* Products */,
			);
			sourceTree = "<group>";
		};
		6055BA6F245F128D00A112D2 /* Products */ = {
			isa = PBXGroup;
			children = (
				6055BA6E245F128D00A112D2 /* AlwaysBeTodoing.app */,
				6055BA87245F128F00A112D2 /* AlwaysBeTodoingTests.xctest */,
				6055BA92245F128F00A112D2 /* AlwaysBeTodoingUITests.xctest */,
			);
			name = Products;
			sourceTree = "<group>";
		};
		6055BA70245F128D00A112D2 /* AlwaysBeTodoing */ = {
			isa = PBXGroup;
			children = (
				60CD475824608C7B00EE5F24 /* Storyboards */,
				60CD475724608C5B00EE5F24 /* AppDelegates */,
				60CD475624608C3800EE5F24 /* Resources */,
				60CD475524608C2B00EE5F24 /* DataModels */,
				60CD475424608C2400EE5F24 /* Views */,
				6055BAA4245F969000A112D2 /* ViewControllers */,
			);
			path = AlwaysBeTodoing;
			sourceTree = "<group>";
		};
		6055BA8A245F128F00A112D2 /* AlwaysBeTodoingTests */ = {
			isa = PBXGroup;
			children = (
				6055BA8B245F128F00A112D2 /* AlwaysBeTodoingTests.swift */,
				6055BA8D245F128F00A112D2 /* Info.plist */,
			);
			path = AlwaysBeTodoingTests;
			sourceTree = "<group>";
		};
		6055BA95245F128F00A112D2 /* AlwaysBeTodoingUITests */ = {
			isa = PBXGroup;
			children = (
				6055BA96245F128F00A112D2 /* AlwaysBeTodoingUITests.swift */,
				6055BA98245F128F00A112D2 /* Info.plist */,
			);
			path = AlwaysBeTodoingUITests;
			sourceTree = "<group>";
		};
		6055BAA4245F969000A112D2 /* ViewControllers */ = {
			isa = PBXGroup;
			children = (
				60CD475B2460CC5E00EE5F24 /* AllListsViewController.swift */,
				6055BA75245F128D00A112D2 /* TodoListViewController.swift */,
			);
			path = ViewControllers;
			sourceTree = "<group>";
		};
		60CD475424608C2400EE5F24 /* Views */ = {
			isa = PBXGroup;
			children = (
				60CD475E2461057C00EE5F24 /* TodoListTableViewCell.swift */,
				608C0B152463573600E91B48 /* AllListsTableViewCell.swift */,
			);
			path = Views;
			sourceTree = "<group>";
		};
		60CD475524608C2B00EE5F24 /* DataModels */ = {
			isa = PBXGroup;
			children = (
				6055BA7A245F128D00A112D2 /* AlwaysBeTodoing.xcdatamodeld */,
				608C0B1124634F1100E91B48 /* TodoList.swift */,
				608C0B1324634F5E00E91B48 /* TodoItem.swift */,
				60914432246B89BA00E28E50 /* Storage.swift */,
			);
			path = DataModels;
			sourceTree = "<group>";
		};
		60CD475624608C3800EE5F24 /* Resources */ = {
			isa = PBXGroup;
			children = (
				6055BA7D245F128F00A112D2 /* Assets.xcassets */,
				6055BA82245F128F00A112D2 /* Info.plist */,
			);
			path = Resources;
			sourceTree = "<group>";
		};
		60CD475724608C5B00EE5F24 /* AppDelegates */ = {
			isa = PBXGroup;
			children = (
				6055BA71245F128D00A112D2 /* AppDelegate.swift */,
				6055BA73245F128D00A112D2 /* SceneDelegate.swift */,
			);
			path = AppDelegates;
			sourceTree = "<group>";
		};
		60CD475824608C7B00EE5F24 /* Storyboards */ = {
			isa = PBXGroup;
			children = (
				6055BA77245F128D00A112D2 /* Main.storyboard */,
				6055BA7F245F128F00A112D2 /* LaunchScreen.storyboard */,
			);
			path = Storyboards;
			sourceTree = "<group>";
		};
/* End PBXGroup section */

/* Begin PBXNativeTarget section */
		6055BA6D245F128C00A112D2 /* AlwaysBeTodoing */ = {
			isa = PBXNativeTarget;
			buildConfigurationList = 6055BA9B245F128F00A112D2 /* Build configuration list for PBXNativeTarget "AlwaysBeTodoing" */;
			buildPhases = (
				6055BA6A245F128C00A112D2 /* Sources */,
				6055BA6B245F128C00A112D2 /* Frameworks */,
				6055BA6C245F128C00A112D2 /* Resources */,
			);
			buildRules = (
			);
			dependencies = (
			);
			name = AlwaysBeTodoing;
			productName = AlwaysBeTodoing;
			productReference = 6055BA6E245F128D00A112D2 /* AlwaysBeTodoing.app */;
			productType = "com.apple.product-type.application";
		};
		6055BA86245F128F00A112D2 /* AlwaysBeTodoingTests */ = {
			isa = PBXNativeTarget;
			buildConfigurationList = 6055BA9E245F128F00A112D2 /* Build configuration list for PBXNativeTarget "AlwaysBeTodoingTests" */;
			buildPhases = (
				6055BA83245F128F00A112D2 /* Sources */,
				6055BA84245F128F00A112D2 /* Frameworks */,
				6055BA85245F128F00A112D2 /* Resources */,
			);
			buildRules = (
			);
			dependencies = (
				6055BA89245F128F00A112D2 /* PBXTargetDependency */,
			);
			name = AlwaysBeTodoingTests;
			productName = AlwaysBeTodoingTests;
			productReference = 6055BA87245F128F00A112D2 /* AlwaysBeTodoingTests.xctest */;
			productType = "com.apple.product-type.bundle.unit-test";
		};
		6055BA91245F128F00A112D2 /* AlwaysBeTodoingUITests */ = {
			isa = PBXNativeTarget;
			buildConfigurationList = 6055BAA1245F128F00A112D2 /* Build configuration list for PBXNativeTarget "AlwaysBeTodoingUITests" */;
			buildPhases = (
				6055BA8E245F128F00A112D2 /* Sources */,
				6055BA8F245F128F00A112D2 /* Frameworks */,
				6055BA90245F128F00A112D2 /* Resources */,
			);
			buildRules = (
			);
			dependencies = (
				6055BA94245F128F00A112D2 /* PBXTargetDependency */,
			);
			name = AlwaysBeTodoingUITests;
			productName = AlwaysBeTodoingUITests;
			productReference = 6055BA92245F128F00A112D2 /* AlwaysBeTodoingUITests.xctest */;
			productType = "com.apple.product-type.bundle.ui-testing";
		};
/* End PBXNativeTarget section */

/* Begin PBXProject section */
		6055BA66245F128C00A112D2 /* Project object */ = {
			isa = PBXProject;
			attributes = {
				LastSwiftUpdateCheck = 1120;
				LastUpgradeCheck = 1120;
				ORGANIZATIONNAME = "Jeremy Fleshman";
				TargetAttributes = {
					6055BA6D245F128C00A112D2 = {
						CreatedOnToolsVersion = 11.2.1;
					};
					6055BA86245F128F00A112D2 = {
						CreatedOnToolsVersion = 11.2.1;
						TestTargetID = 6055BA6D245F128C00A112D2;
					};
					6055BA91245F128F00A112D2 = {
						CreatedOnToolsVersion = 11.2.1;
						TestTargetID = 6055BA6D245F128C00A112D2;
					};
				};
			};
			buildConfigurationList = 6055BA69245F128C00A112D2 /* Build configuration list for PBXProject "AlwaysBeTodoing" */;
			compatibilityVersion = "Xcode 9.3";
			developmentRegion = en;
			hasScannedForEncodings = 0;
			knownRegions = (
				en,
				Base,
			);
			mainGroup = 6055BA65245F128C00A112D2;
			productRefGroup = 6055BA6F245F128D00A112D2 /* Products */;
			projectDirPath = "";
			projectRoot = "";
			targets = (
				6055BA6D245F128C00A112D2 /* AlwaysBeTodoing */,
				6055BA86245F128F00A112D2 /* AlwaysBeTodoingTests */,
				6055BA91245F128F00A112D2 /* AlwaysBeTodoingUITests */,
			);
		};
/* End PBXProject section */

/* Begin PBXResourcesBuildPhase section */
		6055BA6C245F128C00A112D2 /* Resources */ = {
			isa = PBXResourcesBuildPhase;
			buildActionMask = 2147483647;
			files = (
				60CD475D2460D01000EE5F24 /* Main.storyboard in Resources */,
				6055BA81245F128F00A112D2 /* LaunchScreen.storyboard in Resources */,
				6055BA7E245F128F00A112D2 /* Assets.xcassets in Resources */,
			);
			runOnlyForDeploymentPostprocessing = 0;
		};
		6055BA85245F128F00A112D2 /* Resources */ = {
			isa = PBXResourcesBuildPhase;
			buildActionMask = 2147483647;
			files = (
			);
			runOnlyForDeploymentPostprocessing = 0;
		};
		6055BA90245F128F00A112D2 /* Resources */ = {
			isa = PBXResourcesBuildPhase;
			buildActionMask = 2147483647;
			files = (
			);
			runOnlyForDeploymentPostprocessing = 0;
		};
/* End PBXResourcesBuildPhase section */

/* Begin PBXSourcesBuildPhase section */
		6055BA6A245F128C00A112D2 /* Sources */ = {
			isa = PBXSourcesBuildPhase;
			buildActionMask = 2147483647;
			files = (
				6055BA7C245F128D00A112D2 /* AlwaysBeTodoing.xcdatamodeld in Sources */,
				6055BA76245F128D00A112D2 /* TodoListViewController.swift in Sources */,
				60CD47602461057C00EE5F24 /* TodoListTableViewCell.swift in Sources */,
				608C0B1224634F1100E91B48 /* TodoList.swift in Sources */,
				60CD475C2460CC5E00EE5F24 /* AllListsViewController.swift in Sources */,
				6055BA72245F128D00A112D2 /* AppDelegate.swift in Sources */,
				608C0B1424634F5E00E91B48 /* TodoItem.swift in Sources */,
				6055BA74245F128D00A112D2 /* SceneDelegate.swift in Sources */,
				608C0B162463573600E91B48 /* AllListsTableViewCell.swift in Sources */,
				60914433246B89BA00E28E50 /* Storage.swift in Sources */,
			);
			runOnlyForDeploymentPostprocessing = 0;
		};
		6055BA83245F128F00A112D2 /* Sources */ = {
			isa = PBXSourcesBuildPhase;
			buildActionMask = 2147483647;
			files = (
				6055BA8C245F128F00A112D2 /* AlwaysBeTodoingTests.swift in Sources */,
			);
			runOnlyForDeploymentPostprocessing = 0;
		};
		6055BA8E245F128F00A112D2 /* Sources */ = {
			isa = PBXSourcesBuildPhase;
			buildActionMask = 2147483647;
			files = (
				6055BA97245F128F00A112D2 /* AlwaysBeTodoingUITests.swift in Sources */,
			);
			runOnlyForDeploymentPostprocessing = 0;
		};
/* End PBXSourcesBuildPhase section */

/* Begin PBXTargetDependency section */
		6055BA89245F128F00A112D2 /* PBXTargetDependency */ = {
			isa = PBXTargetDependency;
			target = 6055BA6D245F128C00A112D2 /* AlwaysBeTodoing */;
			targetProxy = 6055BA88245F128F00A112D2 /* PBXContainerItemProxy */;
		};
		6055BA94245F128F00A112D2 /* PBXTargetDependency */ = {
			isa = PBXTargetDependency;
			target = 6055BA6D245F128C00A112D2 /* AlwaysBeTodoing */;
			targetProxy = 6055BA93245F128F00A112D2 /* PBXContainerItemProxy */;
		};
/* End PBXTargetDependency section */

/* Begin PBXVariantGroup section */
		6055BA77245F128D00A112D2 /* Main.storyboard */ = {
			isa = PBXVariantGroup;
			children = (
				6055BA78245F128D00A112D2 /* Base */,
			);
			name = Main.storyboard;
			sourceTree = "<group>";
		};
		6055BA7F245F128F00A112D2 /* LaunchScreen.storyboard */ = {
			isa = PBXVariantGroup;
			children = (
				6055BA80245F128F00A112D2 /* Base */,
			);
			name = LaunchScreen.storyboard;
			sourceTree = "<group>";
		};
/* End PBXVariantGroup section */

/* Begin XCBuildConfiguration section */
		6055BA99245F128F00A112D2 /* Debug */ = {
			isa = XCBuildConfiguration;
			buildSettings = {
				ALWAYS_SEARCH_USER_PATHS = NO;
				CLANG_ANALYZER_NONNULL = YES;
				CLANG_ANALYZER_NUMBER_OBJECT_CONVERSION = YES_AGGRESSIVE;
				CLANG_CXX_LANGUAGE_STANDARD = "gnu++14";
				CLANG_CXX_LIBRARY = "libc++";
				CLANG_ENABLE_MODULES = YES;
				CLANG_ENABLE_OBJC_ARC = YES;
				CLANG_ENABLE_OBJC_WEAK = YES;
				CLANG_WARN_BLOCK_CAPTURE_AUTORELEASING = YES;
				CLANG_WARN_BOOL_CONVERSION = YES;
				CLANG_WARN_COMMA = YES;
				CLANG_WARN_CONSTANT_CONVERSION = YES;
				CLANG_WARN_DEPRECATED_OBJC_IMPLEMENTATIONS = YES;
				CLANG_WARN_DIRECT_OBJC_ISA_USAGE = YES_ERROR;
				CLANG_WARN_DOCUMENTATION_COMMENTS = YES;
				CLANG_WARN_EMPTY_BODY = YES;
				CLANG_WARN_ENUM_CONVERSION = YES;
				CLANG_WARN_INFINITE_RECURSION = YES;
				CLANG_WARN_INT_CONVERSION = YES;
				CLANG_WARN_NON_LITERAL_NULL_CONVERSION = YES;
				CLANG_WARN_OBJC_IMPLICIT_RETAIN_SELF = YES;
				CLANG_WARN_OBJC_LITERAL_CONVERSION = YES;
				CLANG_WARN_OBJC_ROOT_CLASS = YES_ERROR;
				CLANG_WARN_RANGE_LOOP_ANALYSIS = YES;
				CLANG_WARN_STRICT_PROTOTYPES = YES;
				CLANG_WARN_SUSPICIOUS_MOVE = YES;
				CLANG_WARN_UNGUARDED_AVAILABILITY = YES_AGGRESSIVE;
				CLANG_WARN_UNREACHABLE_CODE = YES;
				CLANG_WARN__DUPLICATE_METHOD_MATCH = YES;
				COPY_PHASE_STRIP = NO;
				DEBUG_INFORMATION_FORMAT = dwarf;
				ENABLE_STRICT_OBJC_MSGSEND = YES;
				ENABLE_TESTABILITY = YES;
				GCC_C_LANGUAGE_STANDARD = gnu11;
				GCC_DYNAMIC_NO_PIC = NO;
				GCC_NO_COMMON_BLOCKS = YES;
				GCC_OPTIMIZATION_LEVEL = 0;
				GCC_PREPROCESSOR_DEFINITIONS = (
					"DEBUG=1",
					"$(inherited)",
				);
				GCC_WARN_64_TO_32_BIT_CONVERSION = YES;
				GCC_WARN_ABOUT_RETURN_TYPE = YES_ERROR;
				GCC_WARN_UNDECLARED_SELECTOR = YES;
				GCC_WARN_UNINITIALIZED_AUTOS = YES_AGGRESSIVE;
				GCC_WARN_UNUSED_FUNCTION = YES;
				GCC_WARN_UNUSED_VARIABLE = YES;
				IPHONEOS_DEPLOYMENT_TARGET = 13.2;
				MTL_ENABLE_DEBUG_INFO = INCLUDE_SOURCE;
				MTL_FAST_MATH = YES;
				ONLY_ACTIVE_ARCH = YES;
				SDKROOT = iphoneos;
				SWIFT_ACTIVE_COMPILATION_CONDITIONS = DEBUG;
				SWIFT_OPTIMIZATION_LEVEL = "-Onone";
			};
			name = Debug;
		};
		6055BA9A245F128F00A112D2 /* Release */ = {
			isa = XCBuildConfiguration;
			buildSettings = {
				ALWAYS_SEARCH_USER_PATHS = NO;
				CLANG_ANALYZER_NONNULL = YES;
				CLANG_ANALYZER_NUMBER_OBJECT_CONVERSION = YES_AGGRESSIVE;
				CLANG_CXX_LANGUAGE_STANDARD = "gnu++14";
				CLANG_CXX_LIBRARY = "libc++";
				CLANG_ENABLE_MODULES = YES;
				CLANG_ENABLE_OBJC_ARC = YES;
				CLANG_ENABLE_OBJC_WEAK = YES;
				CLANG_WARN_BLOCK_CAPTURE_AUTORELEASING = YES;
				CLANG_WARN_BOOL_CONVERSION = YES;
				CLANG_WARN_COMMA = YES;
				CLANG_WARN_CONSTANT_CONVERSION = YES;
				CLANG_WARN_DEPRECATED_OBJC_IMPLEMENTATIONS = YES;
				CLANG_WARN_DIRECT_OBJC_ISA_USAGE = YES_ERROR;
				CLANG_WARN_DOCUMENTATION_COMMENTS = YES;
				CLANG_WARN_EMPTY_BODY = YES;
				CLANG_WARN_ENUM_CONVERSION = YES;
				CLANG_WARN_INFINITE_RECURSION = YES;
				CLANG_WARN_INT_CONVERSION = YES;
				CLANG_WARN_NON_LITERAL_NULL_CONVERSION = YES;
				CLANG_WARN_OBJC_IMPLICIT_RETAIN_SELF = YES;
				CLANG_WARN_OBJC_LITERAL_CONVERSION = YES;
				CLANG_WARN_OBJC_ROOT_CLASS = YES_ERROR;
				CLANG_WARN_RANGE_LOOP_ANALYSIS = YES;
				CLANG_WARN_STRICT_PROTOTYPES = YES;
				CLANG_WARN_SUSPICIOUS_MOVE = YES;
				CLANG_WARN_UNGUARDED_AVAILABILITY = YES_AGGRESSIVE;
				CLANG_WARN_UNREACHABLE_CODE = YES;
				CLANG_WARN__DUPLICATE_METHOD_MATCH = YES;
				COPY_PHASE_STRIP = NO;
				DEBUG_INFORMATION_FORMAT = "dwarf-with-dsym";
				ENABLE_NS_ASSERTIONS = NO;
				ENABLE_STRICT_OBJC_MSGSEND = YES;
				GCC_C_LANGUAGE_STANDARD = gnu11;
				GCC_NO_COMMON_BLOCKS = YES;
				GCC_WARN_64_TO_32_BIT_CONVERSION = YES;
				GCC_WARN_ABOUT_RETURN_TYPE = YES_ERROR;
				GCC_WARN_UNDECLARED_SELECTOR = YES;
				GCC_WARN_UNINITIALIZED_AUTOS = YES_AGGRESSIVE;
				GCC_WARN_UNUSED_FUNCTION = YES;
				GCC_WARN_UNUSED_VARIABLE = YES;
				IPHONEOS_DEPLOYMENT_TARGET = 13.2;
				MTL_ENABLE_DEBUG_INFO = NO;
				MTL_FAST_MATH = YES;
				SDKROOT = iphoneos;
				SWIFT_COMPILATION_MODE = wholemodule;
				SWIFT_OPTIMIZATION_LEVEL = "-O";
				VALIDATE_PRODUCT = YES;
			};
			name = Release;
		};
		6055BA9C245F128F00A112D2 /* Debug */ = {
			isa = XCBuildConfiguration;
			buildSettings = {
				ASSETCATALOG_COMPILER_APPICON_NAME = AppIcon;
				CODE_SIGN_STYLE = Automatic;
				DEVELOPMENT_TEAM = 3C9P7PTK6N;
				INFOPLIST_FILE = AlwaysBeTodoing/Resources/Info.plist;
				IPHONEOS_DEPLOYMENT_TARGET = 13.2;
				LD_RUNPATH_SEARCH_PATHS = (
					"$(inherited)",
					"@executable_path/Frameworks",
				);
				PRODUCT_BUNDLE_IDENTIFIER = com.jeremyfleshman.AlwaysBeTodoing;
				PRODUCT_NAME = "$(TARGET_NAME)";
				SWIFT_VERSION = 5.0;
				TARGETED_DEVICE_FAMILY = "1,2";
			};
			name = Debug;
		};
		6055BA9D245F128F00A112D2 /* Release */ = {
			isa = XCBuildConfiguration;
			buildSettings = {
				ASSETCATALOG_COMPILER_APPICON_NAME = AppIcon;
				CODE_SIGN_STYLE = Automatic;
				DEVELOPMENT_TEAM = 3C9P7PTK6N;
				INFOPLIST_FILE = AlwaysBeTodoing/Resources/Info.plist;
				IPHONEOS_DEPLOYMENT_TARGET = 13.2;
				LD_RUNPATH_SEARCH_PATHS = (
					"$(inherited)",
					"@executable_path/Frameworks",
				);
				PRODUCT_BUNDLE_IDENTIFIER = com.jeremyfleshman.AlwaysBeTodoing;
				PRODUCT_NAME = "$(TARGET_NAME)";
				SWIFT_VERSION = 5.0;
				TARGETED_DEVICE_FAMILY = "1,2";
			};
			name = Release;
		};
		6055BA9F245F128F00A112D2 /* Debug */ = {
			isa = XCBuildConfiguration;
			buildSettings = {
				ALWAYS_EMBED_SWIFT_STANDARD_LIBRARIES = YES;
				BUNDLE_LOADER = "$(TEST_HOST)";
				CODE_SIGN_STYLE = Automatic;
				DEVELOPMENT_TEAM = 3C9P7PTK6N;
				INFOPLIST_FILE = AlwaysBeTodoingTests/Info.plist;
				IPHONEOS_DEPLOYMENT_TARGET = 13.2;
				LD_RUNPATH_SEARCH_PATHS = (
					"$(inherited)",
					"@executable_path/Frameworks",
					"@loader_path/Frameworks",
				);
				PRODUCT_BUNDLE_IDENTIFIER = com.jeremyfleshman.AlwaysBeTodoingTests;
				PRODUCT_NAME = "$(TARGET_NAME)";
				SWIFT_VERSION = 5.0;
				TARGETED_DEVICE_FAMILY = "1,2";
				TEST_HOST = "$(BUILT_PRODUCTS_DIR)/AlwaysBeTodoing.app/AlwaysBeTodoing";
			};
			name = Debug;
		};
		6055BAA0245F128F00A112D2 /* Release */ = {
			isa = XCBuildConfiguration;
			buildSettings = {
				ALWAYS_EMBED_SWIFT_STANDARD_LIBRARIES = YES;
				BUNDLE_LOADER = "$(TEST_HOST)";
				CODE_SIGN_STYLE = Automatic;
				DEVELOPMENT_TEAM = 3C9P7PTK6N;
				INFOPLIST_FILE = AlwaysBeTodoingTests/Info.plist;
				IPHONEOS_DEPLOYMENT_TARGET = 13.2;
				LD_RUNPATH_SEARCH_PATHS = (
					"$(inherited)",
					"@executable_path/Frameworks",
					"@loader_path/Frameworks",
				);
				PRODUCT_BUNDLE_IDENTIFIER = com.jeremyfleshman.AlwaysBeTodoingTests;
				PRODUCT_NAME = "$(TARGET_NAME)";
				SWIFT_VERSION = 5.0;
				TARGETED_DEVICE_FAMILY = "1,2";
				TEST_HOST = "$(BUILT_PRODUCTS_DIR)/AlwaysBeTodoing.app/AlwaysBeTodoing";
			};
			name = Release;
		};
		6055BAA2245F128F00A112D2 /* Debug */ = {
			isa = XCBuildConfiguration;
			buildSettings = {
				ALWAYS_EMBED_SWIFT_STANDARD_LIBRARIES = YES;
				CODE_SIGN_STYLE = Automatic;
				DEVELOPMENT_TEAM = 3C9P7PTK6N;
				INFOPLIST_FILE = AlwaysBeTodoingUITests/Info.plist;
				LD_RUNPATH_SEARCH_PATHS = (
					"$(inherited)",
					"@executable_path/Frameworks",
					"@loader_path/Frameworks",
				);
				PRODUCT_BUNDLE_IDENTIFIER = com.jeremyfleshman.AlwaysBeTodoingUITests;
				PRODUCT_NAME = "$(TARGET_NAME)";
				SWIFT_VERSION = 5.0;
				TARGETED_DEVICE_FAMILY = "1,2";
				TEST_TARGET_NAME = AlwaysBeTodoing;
			};
			name = Debug;
		};
		6055BAA3245F128F00A112D2 /* Release */ = {
			isa = XCBuildConfiguration;
			buildSettings = {
				ALWAYS_EMBED_SWIFT_STANDARD_LIBRARIES = YES;
				CODE_SIGN_STYLE = Automatic;
				DEVELOPMENT_TEAM = 3C9P7PTK6N;
				INFOPLIST_FILE = AlwaysBeTodoingUITests/Info.plist;
				LD_RUNPATH_SEARCH_PATHS = (
					"$(inherited)",
					"@executable_path/Frameworks",
					"@loader_path/Frameworks",
				);
				PRODUCT_BUNDLE_IDENTIFIER = com.jeremyfleshman.AlwaysBeTodoingUITests;
				PRODUCT_NAME = "$(TARGET_NAME)";
				SWIFT_VERSION = 5.0;
				TARGETED_DEVICE_FAMILY = "1,2";
				TEST_TARGET_NAME = AlwaysBeTodoing;
			};
			name = Release;
		};
/* End XCBuildConfiguration section */

/* Begin XCConfigurationList section */
		6055BA69245F128C00A112D2 /* Build configuration list for PBXProject "AlwaysBeTodoing" */ = {
			isa = XCConfigurationList;
			buildConfigurations = (
				6055BA99245F128F00A112D2 /* Debug */,
				6055BA9A245F128F00A112D2 /* Release */,
			);
			defaultConfigurationIsVisible = 0;
			defaultConfigurationName = Release;
		};
		6055BA9B245F128F00A112D2 /* Build configuration list for PBXNativeTarget "AlwaysBeTodoing" */ = {
			isa = XCConfigurationList;
			buildConfigurations = (
				6055BA9C245F128F00A112D2 /* Debug */,
				6055BA9D245F128F00A112D2 /* Release */,
			);
			defaultConfigurationIsVisible = 0;
			defaultConfigurationName = Release;
		};
		6055BA9E245F128F00A112D2 /* Build configuration list for PBXNativeTarget "AlwaysBeTodoingTests" */ = {
			isa = XCConfigurationList;
			buildConfigurations = (
				6055BA9F245F128F00A112D2 /* Debug */,
				6055BAA0245F128F00A112D2 /* Release */,
			);
			defaultConfigurationIsVisible = 0;
			defaultConfigurationName = Release;
		};
		6055BAA1245F128F00A112D2 /* Build configuration list for PBXNativeTarget "AlwaysBeTodoingUITests" */ = {
			isa = XCConfigurationList;
			buildConfigurations = (
				6055BAA2245F128F00A112D2 /* Debug */,
				6055BAA3245F128F00A112D2 /* Release */,
			);
			defaultConfigurationIsVisible = 0;
			defaultConfigurationName = Release;
		};
/* End XCConfigurationList section */

/* Begin XCVersionGroup section */
		6055BA7A245F128D00A112D2 /* AlwaysBeTodoing.xcdatamodeld */ = {
			isa = XCVersionGroup;
			children = (
				6055BA7B245F128D00A112D2 /* AlwaysBeTodoing.xcdatamodel */,
			);
			currentVersion = 6055BA7B245F128D00A112D2 /* AlwaysBeTodoing.xcdatamodel */;
			path = AlwaysBeTodoing.xcdatamodeld;
			sourceTree = "<group>";
			versionGroupType = wrapper.xcdatamodel;
		};
/* End XCVersionGroup section */
	};
	rootObject = 6055BA66245F128C00A112D2 /* Project object */;
}
